
Microsoft Visual Studio Solution File, Format Version 12.00
# Visual Studio 15
VisualStudioVersion = 15.0.28010.2026
MinimumVisualStudioVersion = 10.0.40219.1
Project("{FAE04EC0-301F-11D3-BF4B-00C04F79EFBC}") = "FactoryPattern", "FactoryPattern\FactoryPattern.csproj", "{CDDD8CCA-D2A4-4DC6-8B0E-E148915A9E5F}"
EndProject
Global
	GlobalSection(SolutionConfigurationPlatforms) = preSolution
		Debug|Any CPU = Debug|Any CPU
		Release|Any CPU = Release|Any CPU
	EndGlobalSection
	GlobalSection(ProjectConfigurationPlatforms) = postSolution
		{CDDD8CCA-D2A4-4DC6-8B0E-E148915A9E5F}.Debug|Any CPU.ActiveCfg = Debug|Any CPU
		{CDDD8CCA-D2A4-4DC6-8B0E-E148915A9E5F}.Debug|Any CPU.Build.0 = Debug|Any CPU
		{CDDD8CCA-D2A4-4DC6-8B0E-E148915A9E5F}.Release|Any CPU.ActiveCfg = Release|Any CPU
		{CDDD8CCA-D2A4-4DC6-8B0E-E148915A9E5F}.Release|Any CPU.Build.0 = Release|Any CPU
	EndGlobalSection
	GlobalSection(SolutionProperties) = preSolution
		HideSolutionNode = FALSE
	EndGlobalSection
	GlobalSection(ExtensibilityGlobals) = postSolution
		SolutionGuid = {880CD8F2-9B5A-4F14-843E-E5A552F73AAF}
	EndGlobalSection
EndGlobal
